
Microsoft Visual Studio Solution File, Format Version 12.00
# Visual Studio Version 17
VisualStudioVersion = 17.11.35312.102
MinimumVisualStudioVersion = 10.0.40219.1
Project("{FAE04EC0-301F-11D3-BF4B-00C04F79EFBC}") = "zadanie1", "zadanie1\zadanie1.csproj", "{BB4BC45D-950A-453F-8352-E2937B6A7B15}"
EndProject
Global
	GlobalSection(SolutionConfigurationPlatforms) = preSolution
		Debug|Any CPU = Debug|Any CPU
		Release|Any CPU = Release|Any CPU
	EndGlobalSection
	GlobalSection(ProjectConfigurationPlatforms) = postSolution
		{BB4BC45D-950A-453F-8352-E2937B6A7B15}.Debug|Any CPU.ActiveCfg = Debug|Any CPU
		{BB4BC45D-950A-453F-8352-E2937B6A7B15}.Debug|Any CPU.Build.0 = Debug|Any CPU
		{BB4BC45D-950A-453F-8352-E2937B6A7B15}.Release|Any CPU.ActiveCfg = Release|Any CPU
		{BB4BC45D-950A-453F-8352-E2937B6A7B15}.Release|Any CPU.Build.0 = Release|Any CPU
	EndGlobalSection
	GlobalSection(SolutionProperties) = preSolution
		HideSolutionNode = FALSE
	EndGlobalSection
	GlobalSection(ExtensibilityGlobals) = postSolution
		SolutionGuid = {5D982608-3DC6-4209-A670-3EF2E5AC2166}
	EndGlobalSection
EndGlobal
